# minimidio vendoring lock — managed by scripts/vendor-minimidio.sh; do not edit by hand
source:    https://github.com/octetta/minimidio
file:      minimidio.h
commit:    bb705e81f5c1ac3601b1b75bec45b86d2a15426c
version:   v0.5.0-dev
date:      2026-06-09
sha256:    3fa1e67f636ec958b6f09c1b11657584805dac7db37dc31130faa7860907d1d6
author:    Joseph Stewart <joseph.stewart@gmail.com>
license:   MIT
retrieved: 2026-06-17
