# minimidio vendoring lock — managed by scripts/vendor-minimidio.sh; do not edit by hand
source:    https://github.com/octetta/minimidio
file:      minimidio.h
commit:    0fb49e6ebfb69d20e3b69dff1c41cfc34087a9b4
version:   v0.5.0-dev
date:      2026-06-18
sha256:    f6a18b17bda99ac80230fd146729a1a7e7af5b66701b6d6bd2d4428d33122372
author:    Duncan McGreggor <oubiwann@gmail.com>
license:   MIT
retrieved: 2026-06-21
